
Microsoft Visual Studio Solution File, Format Version 12.00
# Visual Studio Version 17
VisualStudioVersion = 17.10.35122.118
MinimumVisualStudioVersion = 10.0.40219.1
Project("{FAE04EC0-301F-11D3-BF4B-00C04F79EFBC}") = "ASPNETCRUD", "ASPNETCRUD\ASPNETCRUD.csproj", "{0258CA5C-43D9-4E25-ABBA-4C47A75EBED3}"
EndProject
Global
	GlobalSection(SolutionConfigurationPlatforms) = preSolution
		Debug|Any CPU = Debug|Any CPU
		Release|Any CPU = Release|Any CPU
	EndGlobalSection
	GlobalSection(ProjectConfigurationPlatforms) = postSolution
		{0258CA5C-43D9-4E25-ABBA-4C47A75EBED3}.Debug|Any CPU.ActiveCfg = Debug|Any CPU
		{0258CA5C-43D9-4E25-ABBA-4C47A75EBED3}.Debug|Any CPU.Build.0 = Debug|Any CPU
		{0258CA5C-43D9-4E25-ABBA-4C47A75EBED3}.Release|Any CPU.ActiveCfg = Release|Any CPU
		{0258CA5C-43D9-4E25-ABBA-4C47A75EBED3}.Release|Any CPU.Build.0 = Release|Any CPU
	EndGlobalSection
	GlobalSection(SolutionProperties) = preSolution
		HideSolutionNode = FALSE
	EndGlobalSection
	GlobalSection(ExtensibilityGlobals) = postSolution
		SolutionGuid = {5F18604A-2A87-415B-BBFC-850381E4DA67}
	EndGlobalSection
EndGlobal
